PODS:
  - Alamofire (5.2.1)
  - ImageLoader (0.15.0)

DEPENDENCIES:
  - Alamofire
  - ImageLoader

SPEC REPOS:
  trunk:
    - Alamofire
    - ImageLoader

SPEC CHECKSUMS:
  Alamofire: e911732990610fe89af59ac0077f923d72dc3dfd
  ImageLoader: e0635d52020d64dc7687e3a3b14dc53212ac0442

PODFILE CHECKSUM: 4871481821d5be98e20fc463679bc9f1fb0fa097

COCOAPODS: 1.9.3
